
Microsoft Visual Studio Solution File, Format Version 12.00
# Visual Studio Version 17
VisualStudioVersion = 17.9.34902.65
MinimumVisualStudioVersion = 10.0.40219.1
Project("{FAE04EC0-301F-11D3-BF4B-00C04F79EFBC}") = "ASPNETCore8Day2", "ASPNETCore8Day2\ASPNETCore8Day2.csproj", "{2572F587-83BA-4F73-9496-2CD84B2CBAEC}"
EndProject
Project("{FAE04EC0-301F-11D3-BF4B-00C04F79EFBC}") = "Razor8", "Razor8\Razor8.csproj", "{89E15C4A-5F35-4487-AAAB-677DAEC65E59}"
EndProject
Project("{FAE04EC0-301F-11D3-BF4B-00C04F79EFBC}") = "Mvc8", "Mvc8\Mvc8.csproj", "{3A7ADD99-4227-465A-8CFF-48B7B556690F}"
EndProject
Project("{FAE04EC0-301F-11D3-BF4B-00C04F79EFBC}") = "BlazorApp1", "BlazorApp1\BlazorApp1.csproj", "{67FF74B5-A7CA-4DF1-ABEB-D640FE4F409A}"
EndProject
Project("{FAE04EC0-301F-11D3-BF4B-00C04F79EFBC}") = "BlazorApp2", "BlazorApp2\BlazorApp2\BlazorApp2.csproj", "{E6483984-DA53-4A80-9D7B-02862576DEBE}"
EndProject
Project("{FAE04EC0-301F-11D3-BF4B-00C04F79EFBC}") = "BlazorApp2.Client", "BlazorApp2\BlazorApp2.Client\BlazorApp2.Client.csproj", "{5C7B676C-3280-447F-8E13-35019B833535}"
EndProject
Project("{FAE04EC0-301F-11D3-BF4B-00C04F79EFBC}") = "MiniAPI8", "MiniAPI8\MiniAPI8.csproj", "{3AB53DA6-CB22-47AC-870B-47E20A5E4F6F}"
EndProject
Project("{FAE04EC0-301F-11D3-BF4B-00C04F79EFBC}") = "Empty8", "Empty8\Empty8.csproj", "{47E2F2DF-6594-427E-BF4E-001C80AAFC58}"
EndProject
Project("{FAE04EC0-301F-11D3-BF4B-00C04F79EFBC}") = "WebApplication2", "WebApplication2\WebApplication2.csproj", "{69DD6E9E-AE44-401C-8A8B-963D6E9FBD24}"
EndProject
Project("{FAE04EC0-301F-11D3-BF4B-00C04F79EFBC}") = "WebApplication3", "WebApplication3\WebApplication3.csproj", "{5098672B-8CB7-474C-8106-F4A4874ED22E}"
EndProject
Project("{FAE04EC0-301F-11D3-BF4B-00C04F79EFBC}") = "AngularApp1.Server", "AngularApp1\AngularApp1.Server\AngularApp1.Server.csproj", "{0AECCE1E-47E6-4724-9A75-7683B3F0F421}"
EndProject
Project("{54A90642-561A-4BB1-A94E-469ADEE60C69}") = "angularapp1.client", "AngularApp1\angularapp1.client\angularapp1.client.esproj", "{52EB1314-1284-4B3F-A10D-A1374849B363}"
EndProject
Global
	GlobalSection(SolutionConfigurationPlatforms) = preSolution
		Debug|Any CPU = Debug|Any CPU
		Release|Any CPU = Release|Any CPU
	EndGlobalSection
	GlobalSection(ProjectConfigurationPlatforms) = postSolution
		{2572F587-83BA-4F73-9496-2CD84B2CBAEC}.Debug|Any CPU.ActiveCfg = Debug|Any CPU
		{2572F587-83BA-4F73-9496-2CD84B2CBAEC}.Debug|Any CPU.Build.0 = Debug|Any CPU
		{2572F587-83BA-4F73-9496-2CD84B2CBAEC}.Release|Any CPU.ActiveCfg = Release|Any CPU
		{2572F587-83BA-4F73-9496-2CD84B2CBAEC}.Release|Any CPU.Build.0 = Release|Any CPU
		{89E15C4A-5F35-4487-AAAB-677DAEC65E59}.Debug|Any CPU.ActiveCfg = Debug|Any CPU
		{89E15C4A-5F35-4487-AAAB-677DAEC65E59}.Debug|Any CPU.Build.0 = Debug|Any CPU
		{89E15C4A-5F35-4487-AAAB-677DAEC65E59}.Release|Any CPU.ActiveCfg = Release|Any CPU
		{89E15C4A-5F35-4487-AAAB-677DAEC65E59}.Release|Any CPU.Build.0 = Release|Any CPU
		{3A7ADD99-4227-465A-8CFF-48B7B556690F}.Debug|Any CPU.ActiveCfg = Debug|Any CPU
		{3A7ADD99-4227-465A-8CFF-48B7B556690F}.Debug|Any CPU.Build.0 = Debug|Any CPU
		{3A7ADD99-4227-465A-8CFF-48B7B556690F}.Release|Any CPU.ActiveCfg = Release|Any CPU
		{3A7ADD99-4227-465A-8CFF-48B7B556690F}.Release|Any CPU.Build.0 = Release|Any CPU
		{67FF74B5-A7CA-4DF1-ABEB-D640FE4F409A}.Debug|Any CPU.ActiveCfg = Debug|Any CPU
		{67FF74B5-A7CA-4DF1-ABEB-D640FE4F409A}.Debug|Any CPU.Build.0 = Debug|Any CPU
		{67FF74B5-A7CA-4DF1-ABEB-D640FE4F409A}.Release|Any CPU.ActiveCfg = Release|Any CPU
		{67FF74B5-A7CA-4DF1-ABEB-D640FE4F409A}.Release|Any CPU.Build.0 = Release|Any CPU
		{E6483984-DA53-4A80-9D7B-02862576DEBE}.Debug|Any CPU.ActiveCfg = Debug|Any CPU
		{E6483984-DA53-4A80-9D7B-02862576DEBE}.Debug|Any CPU.Build.0 = Debug|Any CPU
		{E6483984-DA53-4A80-9D7B-02862576DEBE}.Release|Any CPU.ActiveCfg = Release|Any CPU
		{E6483984-DA53-4A80-9D7B-02862576DEBE}.Release|Any CPU.Build.0 = Release|Any CPU
		{5C7B676C-3280-447F-8E13-35019B833535}.Debug|Any CPU.ActiveCfg = Debug|Any CPU
		{5C7B676C-3280-447F-8E13-35019B833535}.Debug|Any CPU.Build.0 = Debug|Any CPU
		{5C7B676C-3280-447F-8E13-35019B833535}.Release|Any CPU.ActiveCfg = Release|Any CPU
		{5C7B676C-3280-447F-8E13-35019B833535}.Release|Any CPU.Build.0 = Release|Any CPU
		{3AB53DA6-CB22-47AC-870B-47E20A5E4F6F}.Debug|Any CPU.ActiveCfg = Debug|Any CPU
		{3AB53DA6-CB22-47AC-870B-47E20A5E4F6F}.Debug|Any CPU.Build.0 = Debug|Any CPU
		{3AB53DA6-CB22-47AC-870B-47E20A5E4F6F}.Release|Any CPU.ActiveCfg = Release|Any CPU
		{3AB53DA6-CB22-47AC-870B-47E20A5E4F6F}.Release|Any CPU.Build.0 = Release|Any CPU
		{47E2F2DF-6594-427E-BF4E-001C80AAFC58}.Debug|Any CPU.ActiveCfg = Debug|Any CPU
		{47E2F2DF-6594-427E-BF4E-001C80AAFC58}.Debug|Any CPU.Build.0 = Debug|Any CPU
		{47E2F2DF-6594-427E-BF4E-001C80AAFC58}.Release|Any CPU.ActiveCfg = Release|Any CPU
		{47E2F2DF-6594-427E-BF4E-001C80AAFC58}.Release|Any CPU.Build.0 = Release|Any CPU
		{69DD6E9E-AE44-401C-8A8B-963D6E9FBD24}.Debug|Any CPU.ActiveCfg = Debug|Any CPU
		{69DD6E9E-AE44-401C-8A8B-963D6E9FBD24}.Debug|Any CPU.Build.0 = Debug|Any CPU
		{69DD6E9E-AE44-401C-8A8B-963D6E9FBD24}.Release|Any CPU.ActiveCfg = Release|Any CPU
		{69DD6E9E-AE44-401C-8A8B-963D6E9FBD24}.Release|Any CPU.Build.0 = Release|Any CPU
		{5098672B-8CB7-474C-8106-F4A4874ED22E}.Debug|Any CPU.ActiveCfg = Debug|Any CPU
		{5098672B-8CB7-474C-8106-F4A4874ED22E}.Debug|Any CPU.Build.0 = Debug|Any CPU
		{5098672B-8CB7-474C-8106-F4A4874ED22E}.Release|Any CPU.ActiveCfg = Release|Any CPU
		{5098672B-8CB7-474C-8106-F4A4874ED22E}.Release|Any CPU.Build.0 = Release|Any CPU
		{0AECCE1E-47E6-4724-9A75-7683B3F0F421}.Debug|Any CPU.ActiveCfg = Debug|Any CPU
		{0AECCE1E-47E6-4724-9A75-7683B3F0F421}.Debug|Any CPU.Build.0 = Debug|Any CPU
		{0AECCE1E-47E6-4724-9A75-7683B3F0F421}.Release|Any CPU.ActiveCfg = Release|Any CPU
		{0AECCE1E-47E6-4724-9A75-7683B3F0F421}.Release|Any CPU.Build.0 = Release|Any CPU
		{52EB1314-1284-4B3F-A10D-A1374849B363}.Debug|Any CPU.ActiveCfg = Debug|Any CPU
		{52EB1314-1284-4B3F-A10D-A1374849B363}.Debug|Any CPU.Build.0 = Debug|Any CPU
		{52EB1314-1284-4B3F-A10D-A1374849B363}.Debug|Any CPU.Deploy.0 = Debug|Any CPU
		{52EB1314-1284-4B3F-A10D-A1374849B363}.Release|Any CPU.ActiveCfg = Release|Any CPU
		{52EB1314-1284-4B3F-A10D-A1374849B363}.Release|Any CPU.Build.0 = Release|Any CPU
		{52EB1314-1284-4B3F-A10D-A1374849B363}.Release|Any CPU.Deploy.0 = Release|Any CPU
	EndGlobalSection
	GlobalSection(SolutionProperties) = preSolution
		HideSolutionNode = FALSE
	EndGlobalSection
	GlobalSection(ExtensibilityGlobals) = postSolution
		SolutionGuid = {03D4F881-BC64-4F55-9046-36C488AD1C34}
	EndGlobalSection
EndGlobal
